
Microsoft Visual Studio Solution File, Format Version 12.00
# Visual Studio Version 16
Project("{8BC9CEB8-8B4A-11D0-8D11-00A0C91BC942}") = "ALL_BUILD", "ALL_BUILD.vcxproj", "{4F366C42-1041-3708-A3BB-A14BCC018165}"
	ProjectSection(ProjectDependencies) = postProject
		{3945B59D-2833-326E-A08D-0E20F2C7DCCF} = {3945B59D-2833-326E-A08D-0E20F2C7DCCF}
		{AAD7E44C-94D5-34BB-8C69-19D4B8B52405} = {AAD7E44C-94D5-34BB-8C69-19D4B8B52405}
		{9DAA34EA-56BA-3C17-99D3-17DA6DD1771B} = {9DAA34EA-56BA-3C17-99D3-17DA6DD1771B}
		{8CC6F850-20A4-392A-9ACC-CE2D350E0316} = {8CC6F850-20A4-392A-9ACC-CE2D350E0316}
		{0420E13B-DA99-3749-8DB3-85337DF084D4} = {0420E13B-DA99-3749-8DB3-85337DF084D4}
		{F0070E30-136A-3FE3-8289-25774BE31FCD} = {F0070E30-136A-3FE3-8289-25774BE31FCD}
		{0C9EEA3D-CBBE-36A4-A30E-248015A9DF53} = {0C9EEA3D-CBBE-36A4-A30E-248015A9DF53}
		{83DDA4EB-ED96-346F-A72B-E6DB2DDB567F} = {83DDA4EB-ED96-346F-A72B-E6DB2DDB567F}
		{B9FC893D-7489-302A-A460-D060EB2B487C} = {B9FC893D-7489-302A-A460-D060EB2B487C}
		{1FFA978F-44A0-3C16-8D7D-E8237C8C6136} = {1FFA978F-44A0-3C16-8D7D-E8237C8C6136}
		{6FBB74E6-76D6-3171-B600-F926BC650DC0} = {6FBB74E6-76D6-3171-B600-F926BC650DC0}
	EndProjectSection
EndProject
Project("{8BC9CEB8-8B4A-11D0-8D11-00A0C91BC942}") = "INSTALL", "INSTALL.vcxproj", "{9837858F-25D2-3E48-B610-4415107FE633}"
	ProjectSection(ProjectDependencies) = postProject
		{4F366C42-1041-3708-A3BB-A14BCC018165} = {4F366C42-1041-3708-A3BB-A14BCC018165}
		{3945B59D-2833-326E-A08D-0E20F2C7DCCF} = {3945B59D-2833-326E-A08D-0E20F2C7DCCF}
	EndProjectSection
EndProject
Project("{8BC9CEB8-8B4A-11D0-8D11-00A0C91BC942}") = "ZERO_CHECK", "ZERO_CHECK.vcxproj", "{3945B59D-2833-326E-A08D-0E20F2C7DCCF}"
	ProjectSection(ProjectDependencies) = postProject
	EndProjectSection
EndProject
Project("{8BC9CEB8-8B4A-11D0-8D11-00A0C91BC942}") = "check", "check.vcxproj", "{15303C65-8334-34DA-A985-94821C55929B}"
	ProjectSection(ProjectDependencies) = postProject
		{3945B59D-2833-326E-A08D-0E20F2C7DCCF} = {3945B59D-2833-326E-A08D-0E20F2C7DCCF}
		{1FFA978F-44A0-3C16-8D7D-E8237C8C6136} = {1FFA978F-44A0-3C16-8D7D-E8237C8C6136}
		{6FBB74E6-76D6-3171-B600-F926BC650DC0} = {6FBB74E6-76D6-3171-B600-F926BC650DC0}
	EndProjectSection
EndProject
Project("{8BC9CEB8-8B4A-11D0-8D11-00A0C91BC942}") = "gmock", "gmock.vcxproj", "{AAD7E44C-94D5-34BB-8C69-19D4B8B52405}"
	ProjectSection(ProjectDependencies) = postProject
		{3945B59D-2833-326E-A08D-0E20F2C7DCCF} = {3945B59D-2833-326E-A08D-0E20F2C7DCCF}
	EndProjectSection
EndProject
Project("{8BC9CEB8-8B4A-11D0-8D11-00A0C91BC942}") = "gmock_main", "gmock_main.vcxproj", "{9DAA34EA-56BA-3C17-99D3-17DA6DD1771B}"
	ProjectSection(ProjectDependencies) = postProject
		{3945B59D-2833-326E-A08D-0E20F2C7DCCF} = {3945B59D-2833-326E-A08D-0E20F2C7DCCF}
		{AAD7E44C-94D5-34BB-8C69-19D4B8B52405} = {AAD7E44C-94D5-34BB-8C69-19D4B8B52405}
	EndProjectSection
EndProject
Project("{8BC9CEB8-8B4A-11D0-8D11-00A0C91BC942}") = "libprotobuf", "libprotobuf.vcxproj", "{8CC6F850-20A4-392A-9ACC-CE2D350E0316}"
	ProjectSection(ProjectDependencies) = postProject
		{3945B59D-2833-326E-A08D-0E20F2C7DCCF} = {3945B59D-2833-326E-A08D-0E20F2C7DCCF}
	EndProjectSection
EndProject
Project("{8BC9CEB8-8B4A-11D0-8D11-00A0C91BC942}") = "libprotobuf-lite", "libprotobuf-lite.vcxproj", "{0420E13B-DA99-3749-8DB3-85337DF084D4}"
	ProjectSection(ProjectDependencies) = postProject
		{3945B59D-2833-326E-A08D-0E20F2C7DCCF} = {3945B59D-2833-326E-A08D-0E20F2C7DCCF}
	EndProjectSection
EndProject
Project("{8BC9CEB8-8B4A-11D0-8D11-00A0C91BC942}") = "libprotoc", "libprotoc.vcxproj", "{F0070E30-136A-3FE3-8289-25774BE31FCD}"
	ProjectSection(ProjectDependencies) = postProject
		{3945B59D-2833-326E-A08D-0E20F2C7DCCF} = {3945B59D-2833-326E-A08D-0E20F2C7DCCF}
		{8CC6F850-20A4-392A-9ACC-CE2D350E0316} = {8CC6F850-20A4-392A-9ACC-CE2D350E0316}
	EndProjectSection
EndProject
Project("{8BC9CEB8-8B4A-11D0-8D11-00A0C91BC942}") = "lite-arena-test", "lite-arena-test.vcxproj", "{0C9EEA3D-CBBE-36A4-A30E-248015A9DF53}"
	ProjectSection(ProjectDependencies) = postProject
		{3945B59D-2833-326E-A08D-0E20F2C7DCCF} = {3945B59D-2833-326E-A08D-0E20F2C7DCCF}
		{AAD7E44C-94D5-34BB-8C69-19D4B8B52405} = {AAD7E44C-94D5-34BB-8C69-19D4B8B52405}
		{9DAA34EA-56BA-3C17-99D3-17DA6DD1771B} = {9DAA34EA-56BA-3C17-99D3-17DA6DD1771B}
		{0420E13B-DA99-3749-8DB3-85337DF084D4} = {0420E13B-DA99-3749-8DB3-85337DF084D4}
		{B9FC893D-7489-302A-A460-D060EB2B487C} = {B9FC893D-7489-302A-A460-D060EB2B487C}
	EndProjectSection
EndProject
Project("{8BC9CEB8-8B4A-11D0-8D11-00A0C91BC942}") = "lite-test", "lite-test.vcxproj", "{83DDA4EB-ED96-346F-A72B-E6DB2DDB567F}"
	ProjectSection(ProjectDependencies) = postProject
		{3945B59D-2833-326E-A08D-0E20F2C7DCCF} = {3945B59D-2833-326E-A08D-0E20F2C7DCCF}
		{AAD7E44C-94D5-34BB-8C69-19D4B8B52405} = {AAD7E44C-94D5-34BB-8C69-19D4B8B52405}
		{9DAA34EA-56BA-3C17-99D3-17DA6DD1771B} = {9DAA34EA-56BA-3C17-99D3-17DA6DD1771B}
		{0420E13B-DA99-3749-8DB3-85337DF084D4} = {0420E13B-DA99-3749-8DB3-85337DF084D4}
		{B9FC893D-7489-302A-A460-D060EB2B487C} = {B9FC893D-7489-302A-A460-D060EB2B487C}
	EndProjectSection
EndProject
Project("{8BC9CEB8-8B4A-11D0-8D11-00A0C91BC942}") = "protoc", "protoc.vcxproj", "{B9FC893D-7489-302A-A460-D060EB2B487C}"
	ProjectSection(ProjectDependencies) = postProject
		{3945B59D-2833-326E-A08D-0E20F2C7DCCF} = {3945B59D-2833-326E-A08D-0E20F2C7DCCF}
		{8CC6F850-20A4-392A-9ACC-CE2D350E0316} = {8CC6F850-20A4-392A-9ACC-CE2D350E0316}
		{F0070E30-136A-3FE3-8289-25774BE31FCD} = {F0070E30-136A-3FE3-8289-25774BE31FCD}
	EndProjectSection
EndProject
Project("{8BC9CEB8-8B4A-11D0-8D11-00A0C91BC942}") = "test_plugin", "test_plugin.vcxproj", "{1FFA978F-44A0-3C16-8D7D-E8237C8C6136}"
	ProjectSection(ProjectDependencies) = postProject
		{3945B59D-2833-326E-A08D-0E20F2C7DCCF} = {3945B59D-2833-326E-A08D-0E20F2C7DCCF}
		{AAD7E44C-94D5-34BB-8C69-19D4B8B52405} = {AAD7E44C-94D5-34BB-8C69-19D4B8B52405}
		{8CC6F850-20A4-392A-9ACC-CE2D350E0316} = {8CC6F850-20A4-392A-9ACC-CE2D350E0316}
		{F0070E30-136A-3FE3-8289-25774BE31FCD} = {F0070E30-136A-3FE3-8289-25774BE31FCD}
	EndProjectSection
EndProject
Project("{8BC9CEB8-8B4A-11D0-8D11-00A0C91BC942}") = "tests", "tests.vcxproj", "{6FBB74E6-76D6-3171-B600-F926BC650DC0}"
	ProjectSection(ProjectDependencies) = postProject
		{3945B59D-2833-326E-A08D-0E20F2C7DCCF} = {3945B59D-2833-326E-A08D-0E20F2C7DCCF}
		{AAD7E44C-94D5-34BB-8C69-19D4B8B52405} = {AAD7E44C-94D5-34BB-8C69-19D4B8B52405}
		{9DAA34EA-56BA-3C17-99D3-17DA6DD1771B} = {9DAA34EA-56BA-3C17-99D3-17DA6DD1771B}
		{8CC6F850-20A4-392A-9ACC-CE2D350E0316} = {8CC6F850-20A4-392A-9ACC-CE2D350E0316}
		{F0070E30-136A-3FE3-8289-25774BE31FCD} = {F0070E30-136A-3FE3-8289-25774BE31FCD}
		{B9FC893D-7489-302A-A460-D060EB2B487C} = {B9FC893D-7489-302A-A460-D060EB2B487C}
	EndProjectSection
EndProject
Global
	GlobalSection(SolutionConfigurationPlatforms) = preSolution
		Debug|x64 = Debug|x64
		Release|x64 = Release|x64
		MinSizeRel|x64 = MinSizeRel|x64
		RelWithDebInfo|x64 = RelWithDebInfo|x64
	EndGlobalSection
	GlobalSection(ProjectConfigurationPlatforms) = postSolution
		{4F366C42-1041-3708-A3BB-A14BCC018165}.Debug|x64.ActiveCfg = Debug|x64
		{4F366C42-1041-3708-A3BB-A14BCC018165}.Debug|x64.Build.0 = Debug|x64
		{4F366C42-1041-3708-A3BB-A14BCC018165}.Release|x64.ActiveCfg = Release|x64
		{4F366C42-1041-3708-A3BB-A14BCC018165}.Release|x64.Build.0 = Release|x64
		{4F366C42-1041-3708-A3BB-A14BCC018165}.MinSizeRel|x64.ActiveCfg = MinSizeRel|x64
		{4F366C42-1041-3708-A3BB-A14BCC018165}.MinSizeRel|x64.Build.0 = MinSizeRel|x64
		{4F366C42-1041-3708-A3BB-A14BCC018165}.RelWithDebInfo|x64.ActiveCfg = RelWithDebInfo|x64
		{4F366C42-1041-3708-A3BB-A14BCC018165}.RelWithDebInfo|x64.Build.0 = RelWithDebInfo|x64
		{9837858F-25D2-3E48-B610-4415107FE633}.Debug|x64.ActiveCfg = Debug|x64
		{9837858F-25D2-3E48-B610-4415107FE633}.Release|x64.ActiveCfg = Release|x64
		{9837858F-25D2-3E48-B610-4415107FE633}.MinSizeRel|x64.ActiveCfg = MinSizeRel|x64
		{9837858F-25D2-3E48-B610-4415107FE633}.RelWithDebInfo|x64.ActiveCfg = RelWithDebInfo|x64
		{3945B59D-2833-326E-A08D-0E20F2C7DCCF}.Debug|x64.ActiveCfg = Debug|x64
		{3945B59D-2833-326E-A08D-0E20F2C7DCCF}.Debug|x64.Build.0 = Debug|x64
		{3945B59D-2833-326E-A08D-0E20F2C7DCCF}.Release|x64.ActiveCfg = Release|x64
		{3945B59D-2833-326E-A08D-0E20F2C7DCCF}.Release|x64.Build.0 = Release|x64
		{3945B59D-2833-326E-A08D-0E20F2C7DCCF}.MinSizeRel|x64.ActiveCfg = MinSizeRel|x64
		{3945B59D-2833-326E-A08D-0E20F2C7DCCF}.MinSizeRel|x64.Build.0 = MinSizeRel|x64
		{3945B59D-2833-326E-A08D-0E20F2C7DCCF}.RelWithDebInfo|x64.ActiveCfg = RelWithDebInfo|x64
		{3945B59D-2833-326E-A08D-0E20F2C7DCCF}.RelWithDebInfo|x64.Build.0 = RelWithDebInfo|x64
		{15303C65-8334-34DA-A985-94821C55929B}.Debug|x64.ActiveCfg = Debug|x64
		{15303C65-8334-34DA-A985-94821C55929B}.Release|x64.ActiveCfg = Release|x64
		{15303C65-8334-34DA-A985-94821C55929B}.MinSizeRel|x64.ActiveCfg = MinSizeRel|x64
		{15303C65-8334-34DA-A985-94821C55929B}.RelWithDebInfo|x64.ActiveCfg = RelWithDebInfo|x64
		{AAD7E44C-94D5-34BB-8C69-19D4B8B52405}.Debug|x64.ActiveCfg = Debug|x64
		{AAD7E44C-94D5-34BB-8C69-19D4B8B52405}.Debug|x64.Build.0 = Debug|x64
		{AAD7E44C-94D5-34BB-8C69-19D4B8B52405}.Release|x64.ActiveCfg = Release|x64
		{AAD7E44C-94D5-34BB-8C69-19D4B8B52405}.Release|x64.Build.0 = Release|x64
		{AAD7E44C-94D5-34BB-8C69-19D4B8B52405}.MinSizeRel|x64.ActiveCfg = MinSizeRel|x64
		{AAD7E44C-94D5-34BB-8C69-19D4B8B52405}.MinSizeRel|x64.Build.0 = MinSizeRel|x64
		{AAD7E44C-94D5-34BB-8C69-19D4B8B52405}.RelWithDebInfo|x64.ActiveCfg = RelWithDebInfo|x64
		{AAD7E44C-94D5-34BB-8C69-19D4B8B52405}.RelWithDebInfo|x64.Build.0 = RelWithDebInfo|x64
		{9DAA34EA-56BA-3C17-99D3-17DA6DD1771B}.Debug|x64.ActiveCfg = Debug|x64
		{9DAA34EA-56BA-3C17-99D3-17DA6DD1771B}.Debug|x64.Build.0 = Debug|x64
		{9DAA34EA-56BA-3C17-99D3-17DA6DD1771B}.Release|x64.ActiveCfg = Release|x64
		{9DAA34EA-56BA-3C17-99D3-17DA6DD1771B}.Release|x64.Build.0 = Release|x64
		{9DAA34EA-56BA-3C17-99D3-17DA6DD1771B}.MinSizeRel|x64.ActiveCfg = MinSizeRel|x64
		{9DAA34EA-56BA-3C17-99D3-17DA6DD1771B}.MinSizeRel|x64.Build.0 = MinSizeRel|x64
		{9DAA34EA-56BA-3C17-99D3-17DA6DD1771B}.RelWithDebInfo|x64.ActiveCfg = RelWithDebInfo|x64
		{9DAA34EA-56BA-3C17-99D3-17DA6DD1771B}.RelWithDebInfo|x64.Build.0 = RelWithDebInfo|x64
		{8CC6F850-20A4-392A-9ACC-CE2D350E0316}.Debug|x64.ActiveCfg = Debug|x64
		{8CC6F850-20A4-392A-9ACC-CE2D350E0316}.Debug|x64.Build.0 = Debug|x64
		{8CC6F850-20A4-392A-9ACC-CE2D350E0316}.Release|x64.ActiveCfg = Release|x64
		{8CC6F850-20A4-392A-9ACC-CE2D350E0316}.Release|x64.Build.0 = Release|x64
		{8CC6F850-20A4-392A-9ACC-CE2D350E0316}.MinSizeRel|x64.ActiveCfg = MinSizeRel|x64
		{8CC6F850-20A4-392A-9ACC-CE2D350E0316}.MinSizeRel|x64.Build.0 = MinSizeRel|x64
		{8CC6F850-20A4-392A-9ACC-CE2D350E0316}.RelWithDebInfo|x64.ActiveCfg = RelWithDebInfo|x64
		{8CC6F850-20A4-392A-9ACC-CE2D350E0316}.RelWithDebInfo|x64.Build.0 = RelWithDebInfo|x64
		{0420E13B-DA99-3749-8DB3-85337DF084D4}.Debug|x64.ActiveCfg = Debug|x64
		{0420E13B-DA99-3749-8DB3-85337DF084D4}.Debug|x64.Build.0 = Debug|x64
		{0420E13B-DA99-3749-8DB3-85337DF084D4}.Release|x64.ActiveCfg = Release|x64
		{0420E13B-DA99-3749-8DB3-85337DF084D4}.Release|x64.Build.0 = Release|x64
		{0420E13B-DA99-3749-8DB3-85337DF084D4}.MinSizeRel|x64.ActiveCfg = MinSizeRel|x64
		{0420E13B-DA99-3749-8DB3-85337DF084D4}.MinSizeRel|x64.Build.0 = MinSizeRel|x64
		{0420E13B-DA99-3749-8DB3-85337DF084D4}.RelWithDebInfo|x64.ActiveCfg = RelWithDebInfo|x64
		{0420E13B-DA99-3749-8DB3-85337DF084D4}.RelWithDebInfo|x64.Build.0 = RelWithDebInfo|x64
		{F0070E30-136A-3FE3-8289-25774BE31FCD}.Debug|x64.ActiveCfg = Debug|x64
		{F0070E30-136A-3FE3-8289-25774BE31FCD}.Debug|x64.Build.0 = Debug|x64
		{F0070E30-136A-3FE3-8289-25774BE31FCD}.Release|x64.ActiveCfg = Release|x64
		{F0070E30-136A-3FE3-8289-25774BE31FCD}.Release|x64.Build.0 = Release|x64
		{F0070E30-136A-3FE3-8289-25774BE31FCD}.MinSizeRel|x64.ActiveCfg = MinSizeRel|x64
		{F0070E30-136A-3FE3-8289-25774BE31FCD}.MinSizeRel|x64.Build.0 = MinSizeRel|x64
		{F0070E30-136A-3FE3-8289-25774BE31FCD}.RelWithDebInfo|x64.ActiveCfg = RelWithDebInfo|x64
		{F0070E30-136A-3FE3-8289-25774BE31FCD}.RelWithDebInfo|x64.Build.0 = RelWithDebInfo|x64
		{0C9EEA3D-CBBE-36A4-A30E-248015A9DF53}.Debug|x64.ActiveCfg = Debug|x64
		{0C9EEA3D-CBBE-36A4-A30E-248015A9DF53}.Debug|x64.Build.0 = Debug|x64
		{0C9EEA3D-CBBE-36A4-A30E-248015A9DF53}.Release|x64.ActiveCfg = Release|x64
		{0C9EEA3D-CBBE-36A4-A30E-248015A9DF53}.Release|x64.Build.0 = Release|x64
		{0C9EEA3D-CBBE-36A4-A30E-248015A9DF53}.MinSizeRel|x64.ActiveCfg = MinSizeRel|x64
		{0C9EEA3D-CBBE-36A4-A30E-248015A9DF53}.MinSizeRel|x64.Build.0 = MinSizeRel|x64
		{0C9EEA3D-CBBE-36A4-A30E-248015A9DF53}.RelWithDebInfo|x64.ActiveCfg = RelWithDebInfo|x64
		{0C9EEA3D-CBBE-36A4-A30E-248015A9DF53}.RelWithDebInfo|x64.Build.0 = RelWithDebInfo|x64
		{83DDA4EB-ED96-346F-A72B-E6DB2DDB567F}.Debug|x64.ActiveCfg = Debug|x64
		{83DDA4EB-ED96-346F-A72B-E6DB2DDB567F}.Debug|x64.Build.0 = Debug|x64
		{83DDA4EB-ED96-346F-A72B-E6DB2DDB567F}.Release|x64.ActiveCfg = Release|x64
		{83DDA4EB-ED96-346F-A72B-E6DB2DDB567F}.Release|x64.Build.0 = Release|x64
		{83DDA4EB-ED96-346F-A72B-E6DB2DDB567F}.MinSizeRel|x64.ActiveCfg = MinSizeRel|x64
		{83DDA4EB-ED96-346F-A72B-E6DB2DDB567F}.MinSizeRel|x64.Build.0 = MinSizeRel|x64
		{83DDA4EB-ED96-346F-A72B-E6DB2DDB567F}.RelWithDebInfo|x64.ActiveCfg = RelWithDebInfo|x64
		{83DDA4EB-ED96-346F-A72B-E6DB2DDB567F}.RelWithDebInfo|x64.Build.0 = RelWithDebInfo|x64
		{B9FC893D-7489-302A-A460-D060EB2B487C}.Debug|x64.ActiveCfg = Debug|x64
		{B9FC893D-7489-302A-A460-D060EB2B487C}.Debug|x64.Build.0 = Debug|x64
		{B9FC893D-7489-302A-A460-D060EB2B487C}.Release|x64.ActiveCfg = Release|x64
		{B9FC893D-7489-302A-A460-D060EB2B487C}.Release|x64.Build.0 = Release|x64
		{B9FC893D-7489-302A-A460-D060EB2B487C}.MinSizeRel|x64.ActiveCfg = MinSizeRel|x64
		{B9FC893D-7489-302A-A460-D060EB2B487C}.MinSizeRel|x64.Build.0 = MinSizeRel|x64
		{B9FC893D-7489-302A-A460-D060EB2B487C}.RelWithDebInfo|x64.ActiveCfg = RelWithDebInfo|x64
		{B9FC893D-7489-302A-A460-D060EB2B487C}.RelWithDebInfo|x64.Build.0 = RelWithDebInfo|x64
		{1FFA978F-44A0-3C16-8D7D-E8237C8C6136}.Debug|x64.ActiveCfg = Debug|x64
		{1FFA978F-44A0-3C16-8D7D-E8237C8C6136}.Debug|x64.Build.0 = Debug|x64
		{1FFA978F-44A0-3C16-8D7D-E8237C8C6136}.Release|x64.ActiveCfg = Release|x64
		{1FFA978F-44A0-3C16-8D7D-E8237C8C6136}.Release|x64.Build.0 = Release|x64
		{1FFA978F-44A0-3C16-8D7D-E8237C8C6136}.MinSizeRel|x64.ActiveCfg = MinSizeRel|x64
		{1FFA978F-44A0-3C16-8D7D-E8237C8C6136}.MinSizeRel|x64.Build.0 = MinSizeRel|x64
		{1FFA978F-44A0-3C16-8D7D-E8237C8C6136}.RelWithDebInfo|x64.ActiveCfg = RelWithDebInfo|x64
		{1FFA978F-44A0-3C16-8D7D-E8237C8C6136}.RelWithDebInfo|x64.Build.0 = RelWithDebInfo|x64
		{6FBB74E6-76D6-3171-B600-F926BC650DC0}.Debug|x64.ActiveCfg = Debug|x64
		{6FBB74E6-76D6-3171-B600-F926BC650DC0}.Debug|x64.Build.0 = Debug|x64
		{6FBB74E6-76D6-3171-B600-F926BC650DC0}.Release|x64.ActiveCfg = Release|x64
		{6FBB74E6-76D6-3171-B600-F926BC650DC0}.Release|x64.Build.0 = Release|x64
		{6FBB74E6-76D6-3171-B600-F926BC650DC0}.MinSizeRel|x64.ActiveCfg = MinSizeRel|x64
		{6FBB74E6-76D6-3171-B600-F926BC650DC0}.MinSizeRel|x64.Build.0 = MinSizeRel|x64
		{6FBB74E6-76D6-3171-B600-F926BC650DC0}.RelWithDebInfo|x64.ActiveCfg = RelWithDebInfo|x64
		{6FBB74E6-76D6-3171-B600-F926BC650DC0}.RelWithDebInfo|x64.Build.0 = RelWithDebInfo|x64
	EndGlobalSection
	GlobalSection(ExtensibilityGlobals) = postSolution
		SolutionGuid = {B875350E-9358-322E-A37B-EB8873DB44E1}
	EndGlobalSection
	GlobalSection(ExtensibilityAddIns) = postSolution
	EndGlobalSection
EndGlobal
